// !$*UTF8*$!
{
	archiveVersion = 1;
	classes = {
	};
	objectVersion = 56;
	objects = {

/* Begin PBXBuildFile section */
		8BDDB1572C7E13740011A6F3 /* LipsOOTDChatBotViewController.swift in Sources */ = {isa = PBXBuildFile; fileRef = 8BDDB1562C7E13740011A6F3 /* LipsOOTDChatBotViewController.swift */; };
		8BDDB1592C7E15DD0011A6F3 /* JSLookBookViewController.swift in Sources */ = {isa = PBXBuildFile; fileRef = 8BDDB1582C7E15DD0011A6F3 /* JSLookBookViewController.swift */; };
		8BDDB15C2C7EA6850011A6F3 /* OOTDItem.swift in Sources */ = {isa = PBXBuildFile; fileRef = 8BDDB15B2C7EA6850011A6F3 /* OOTDItem.swift */; };
		8BDDB15E2C7EA6B00011A6F3 /* OOTDItemStore.swift in Sources */ = {isa = PBXBuildFile; fileRef = 8BDDB15D2C7EA6B00011A6F3 /* OOTDItemStore.swift */; };
		8BDDB1612C7EA71B0011A6F3 /* AppDescriptionViewController.swift in Sources */ = {isa = PBXBuildFile; fileRef = 8BDDB1602C7EA71B0011A6F3 /* AppDescriptionViewController.swift */; };
		8BDDB1632C7EA77B0011A6F3 /* ItemDetailesViewController.swift in Sources */ = {isa = PBXBuildFile; fileRef = 8BDDB1622C7EA77B0011A6F3 /* ItemDetailesViewController.swift */; };
		8BDDB1652C7EA7910011A6F3 /* LoginViewController.swift in Sources */ = {isa = PBXBuildFile; fileRef = 8BDDB1642C7EA7910011A6F3 /* LoginViewController.swift */; };
		8BDDB1672C7EA7AB0011A6F3 /* LogoViewController.swift in Sources */ = {isa = PBXBuildFile; fileRef = 8BDDB1662C7EA7AB0011A6F3 /* LogoViewController.swift */; };
		8BDDB1692C7EA7CB0011A6F3 /* TestResultViewController.swift in Sources */ = {isa = PBXBuildFile; fileRef = 8BDDB1682C7EA7CB0011A6F3 /* TestResultViewController.swift */; };
		8BDDB16B2C7EA7E00011A6F3 /* TestStartViewController.swift in Sources */ = {isa = PBXBuildFile; fileRef = 8BDDB16A2C7EA7E00011A6F3 /* TestStartViewController.swift */; };
		8BDDB16D2C7EA7F40011A6F3 /* TestViewController.swift in Sources */ = {isa = PBXBuildFile; fileRef = 8BDDB16C2C7EA7F40011A6F3 /* TestViewController.swift */; };
		8BDDB16F2C7EA80E0011A6F3 /* UserDetailsViewController.swift in Sources */ = {isa = PBXBuildFile; fileRef = 8BDDB16E2C7EA80E0011A6F3 /* UserDetailsViewController.swift */; };
		8BDDB1712C7EA8440011A6F3 /* cat.json in Resources */ = {isa = PBXBuildFile; fileRef = 8BDDB1702C7EA8440011A6F3 /* cat.json */; };
		8BDDB1792C7EABDA0011A6F3 /* Lottie in Frameworks */ = {isa = PBXBuildFile; productRef = 8BDDB1782C7EABDA0011A6F3 /* Lottie */; };
		F67806A72C7D92EB007A608C /* AppDelegate.swift in Sources */ = {isa = PBXBuildFile; fileRef = F67806A62C7D92EB007A608C /* AppDelegate.swift */; };
		F67806A92C7D92EB007A608C /* SceneDelegate.swift in Sources */ = {isa = PBXBuildFile; fileRef = F67806A82C7D92EB007A608C /* SceneDelegate.swift */; };
		F67806AB2C7D92EB007A608C /* ViewController.swift in Sources */ = {isa = PBXBuildFile; fileRef = F67806AA2C7D92EB007A608C /* ViewController.swift */; };
		F67806B02C7D92ED007A608C /* Assets.xcassets in Resources */ = {isa = PBXBuildFile; fileRef = F67806AF2C7D92ED007A608C /* Assets.xcassets */; };
		F67806B32C7D92ED007A608C /* Base in Resources */ = {isa = PBXBuildFile; fileRef = F67806B22C7D92ED007A608C /* Base */; };
		F67806BB2C7D9318007A608C /* OOTDViewController.swift in Sources */ = {isa = PBXBuildFile; fileRef = F67806BA2C7D9318007A608C /* OOTDViewController.swift */; };
		F67806BD2C7D9324007A608C /* HomeViewController.swift in Sources */ = {isa = PBXBuildFile; fileRef = F67806BC2C7D9324007A608C /* HomeViewController.swift */; };
		F67806BF2C7D932B007A608C /* MyViewController.swift in Sources */ = {isa = PBXBuildFile; fileRef = F67806BE2C7D932B007A608C /* MyViewController.swift */; };
		F67806C12C7D9334007A608C /* ClosetViewController.swift in Sources */ = {isa = PBXBuildFile; fileRef = F67806C02C7D9334007A608C /* ClosetViewController.swift */; };
/* End PBXBuildFile section */

/* Begin PBXFileReference section */
		8BDDB1562C7E13740011A6F3 /* LipsOOTDChatBotViewController.swift */ = {isa = PBXFileReference; lastKnownFileType = sourcecode.swift; path = LipsOOTDChatBotViewController.swift; sourceTree = "<group>"; };
		8BDDB1582C7E15DD0011A6F3 /* JSLookBookViewController.swift */ = {isa = PBXFileReference; lastKnownFileType = sourcecode.swift; path = JSLookBookViewController.swift; sourceTree = "<group>"; };
		8BDDB15B2C7EA6850011A6F3 /* OOTDItem.swift */ = {isa = PBXFileReference; lastKnownFileType = sourcecode.swift; path = OOTDItem.swift; sourceTree = "<group>"; };
		8BDDB15D2C7EA6B00011A6F3 /* OOTDItemStore.swift */ = {isa = PBXFileReference; lastKnownFileType = sourcecode.swift; path = OOTDItemStore.swift; sourceTree = "<group>"; };
		8BDDB1602C7EA71B0011A6F3 /* AppDescriptionViewController.swift */ = {isa = PBXFileReference; lastKnownFileType = sourcecode.swift; path = AppDescriptionViewController.swift; sourceTree = "<group>"; };
		8BDDB1622C7EA77B0011A6F3 /* ItemDetailesViewController.swift */ = {isa = PBXFileReference; lastKnownFileType = sourcecode.swift; path = ItemDetailesViewController.swift; sourceTree = "<group>"; };
		8BDDB1642C7EA7910011A6F3 /* LoginViewController.swift */ = {isa = PBXFileReference; lastKnownFileType = sourcecode.swift; path = LoginViewController.swift; sourceTree = "<group>"; };
		8BDDB1662C7EA7AB0011A6F3 /* LogoViewController.swift */ = {isa = PBXFileReference; lastKnownFileType = sourcecode.swift; path = LogoViewController.swift; sourceTree = "<group>"; };
		8BDDB1682C7EA7CB0011A6F3 /* TestResultViewController.swift */ = {isa = PBXFileReference; lastKnownFileType = sourcecode.swift; path = TestResultViewController.swift; sourceTree = "<group>"; };
		8BDDB16A2C7EA7E00011A6F3 /* TestStartViewController.swift */ = {isa = PBXFileReference; lastKnownFileType = sourcecode.swift; path = TestStartViewController.swift; sourceTree = "<group>"; };
		8BDDB16C2C7EA7F40011A6F3 /* TestViewController.swift */ = {isa = PBXFileReference; lastKnownFileType = sourcecode.swift; path = TestViewController.swift; sourceTree = "<group>"; };
		8BDDB16E2C7EA80E0011A6F3 /* UserDetailsViewController.swift */ = {isa = PBXFileReference; lastKnownFileType = sourcecode.swift; path = UserDetailsViewController.swift; sourceTree = "<group>"; };
		8BDDB1702C7EA8440011A6F3 /* cat.json */ = {isa = PBXFileReference; lastKnownFileType = text.json; path = cat.json; sourceTree = "<group>"; };
		F67806A32C7D92EB007A608C /* OOTD_Team3.app */ = {isa = PBXFileReference; explicitFileType = wrapper.application; includeInIndex = 0; path = OOTD_Team3.app; sourceTree = BUILT_PRODUCTS_DIR; };
		F67806A62C7D92EB007A608C /* AppDelegate.swift */ = {isa = PBXFileReference; lastKnownFileType = sourcecode.swift; path = AppDelegate.swift; sourceTree = "<group>"; };
		F67806A82C7D92EB007A608C /* SceneDelegate.swift */ = {isa = PBXFileReference; lastKnownFileType = sourcecode.swift; path = SceneDelegate.swift; sourceTree = "<group>"; };
		F67806AA2C7D92EB007A608C /* ViewController.swift */ = {isa = PBXFileReference; lastKnownFileType = sourcecode.swift; path = ViewController.swift; sourceTree = "<group>"; };
		F67806AF2C7D92ED007A608C /* Assets.xcassets */ = {isa = PBXFileReference; lastKnownFileType = folder.assetcatalog; path = Assets.xcassets; sourceTree = "<group>"; };
		F67806B22C7D92ED007A608C /* Base */ = {isa = PBXFileReference; lastKnownFileType = file.storyboard; name = Base; path = Base.lproj/LaunchScreen.storyboard; sourceTree = "<group>"; };
		F67806B42C7D92ED007A608C /* Info.plist */ = {isa = PBXFileReference; lastKnownFileType = text.plist.xml; path = Info.plist; sourceTree = "<group>"; };
		F67806BA2C7D9318007A608C /* OOTDViewController.swift */ = {isa = PBXFileReference; lastKnownFileType = sourcecode.swift; path = OOTDViewController.swift; sourceTree = "<group>"; };
		F67806BC2C7D9324007A608C /* HomeViewController.swift */ = {isa = PBXFileReference; lastKnownFileType = sourcecode.swift; path = HomeViewController.swift; sourceTree = "<group>"; };
		F67806BE2C7D932B007A608C /* MyViewController.swift */ = {isa = PBXFileReference; lastKnownFileType = sourcecode.swift; path = MyViewController.swift; sourceTree = "<group>"; };
		F67806C02C7D9334007A608C /* ClosetViewController.swift */ = {isa = PBXFileReference; lastKnownFileType = sourcecode.swift; path = ClosetViewController.swift; sourceTree = "<group>"; };
/* End PBXFileReference section */

/* Begin PBXFrameworksBuildPhase section */
		F67806A02C7D92EB007A608C /* Frameworks */ = {
			isa = PBXFrameworksBuildPhase;
			buildActionMask = 2147483647;
			files = (
				8BDDB1792C7EABDA0011A6F3 /* Lottie in Frameworks */,
			);
			runOnlyForDeploymentPostprocessing = 0;
		};
/* End PBXFrameworksBuildPhase section */

/* Begin PBXGroup section */
		8BDDB15F2C7EA6BB0011A6F3 /* Model */ = {
			isa = PBXGroup;
			children = (
				8BDDB15B2C7EA6850011A6F3 /* OOTDItem.swift */,
				8BDDB15D2C7EA6B00011A6F3 /* OOTDItemStore.swift */,
			);
			path = Model;
			sourceTree = "<group>";
		};
		8BDDB1722C7EA8730011A6F3 /* TestViewControllers */ = {
			isa = PBXGroup;
			children = (
				8BDDB16A2C7EA7E00011A6F3 /* TestStartViewController.swift */,
				8BDDB16C2C7EA7F40011A6F3 /* TestViewController.swift */,
				8BDDB1682C7EA7CB0011A6F3 /* TestResultViewController.swift */,
				8BDDB16E2C7EA80E0011A6F3 /* UserDetailsViewController.swift */,
			);
			path = TestViewControllers;
			sourceTree = "<group>";
		};
		8BDDB1732C7EA90B0011A6F3 /* StartingViewControllers */ = {
			isa = PBXGroup;
			children = (
				8BDDB1662C7EA7AB0011A6F3 /* LogoViewController.swift */,
				8BDDB1642C7EA7910011A6F3 /* LoginViewController.swift */,
				8BDDB1602C7EA71B0011A6F3 /* AppDescriptionViewController.swift */,
			);
			path = StartingViewControllers;
			sourceTree = "<group>";
		};
		8BDDB1742C7EA97F0011A6F3 /* HomeViewControllers */ = {
			isa = PBXGroup;
			children = (
				F67806BC2C7D9324007A608C /* HomeViewController.swift */,
				8BDDB1562C7E13740011A6F3 /* LipsOOTDChatBotViewController.swift */,
			);
			path = HomeViewControllers;
			sourceTree = "<group>";
		};
		8BDDB1752C7EA9DF0011A6F3 /* ClosetViewControllers */ = {
			isa = PBXGroup;
			children = (
				F67806C02C7D9334007A608C /* ClosetViewController.swift */,
				8BDDB1582C7E15DD0011A6F3 /* JSLookBookViewController.swift */,
			);
			path = ClosetViewControllers;
			sourceTree = "<group>";
		};
		8BDDB1762C7EAA620011A6F3 /* ItemDetailViewController */ = {
			isa = PBXGroup;
			children = (
				8BDDB1622C7EA77B0011A6F3 /* ItemDetailesViewController.swift */,
			);
			path = ItemDetailViewController;
			sourceTree = "<group>";
		};
		8BDDB17A2C7ECB6C0011A6F3 /* OOTD */ = {
			isa = PBXGroup;
			children = (
				F67806BA2C7D9318007A608C /* OOTDViewController.swift */,
			);
			path = OOTD;
			sourceTree = "<group>";
		};
		F678069A2C7D92EB007A608C = {
			isa = PBXGroup;
			children = (
				F67806A52C7D92EB007A608C /* OOTD_Team3 */,
				F67806A42C7D92EB007A608C /* Products */,
			);
			sourceTree = "<group>";
		};
		F67806A42C7D92EB007A608C /* Products */ = {
			isa = PBXGroup;
			children = (
				F67806A32C7D92EB007A608C /* OOTD_Team3.app */,
			);
			name = Products;
			sourceTree = "<group>";
		};
		F67806A52C7D92EB007A608C /* OOTD_Team3 */ = {
			isa = PBXGroup;
			children = (
				8BDDB15F2C7EA6BB0011A6F3 /* Model */,
				F67806C22C7D933D007A608C /* ViewControllers */,
				F67806A62C7D92EB007A608C /* AppDelegate.swift */,
				F67806A82C7D92EB007A608C /* SceneDelegate.swift */,
				8BDDB1702C7EA8440011A6F3 /* cat.json */,
				F67806AA2C7D92EB007A608C /* ViewController.swift */,
				F67806AF2C7D92ED007A608C /* Assets.xcassets */,
				F67806B12C7D92ED007A608C /* LaunchScreen.storyboard */,
				F67806B42C7D92ED007A608C /* Info.plist */,
			);
			path = OOTD_Team3;
			sourceTree = "<group>";
		};
		F67806C22C7D933D007A608C /* ViewControllers */ = {
			isa = PBXGroup;
			children = (
				8BDDB1722C7EA8730011A6F3 /* TestViewControllers */,
				8BDDB1732C7EA90B0011A6F3 /* StartingViewControllers */,
				8BDDB1742C7EA97F0011A6F3 /* HomeViewControllers */,
				8BDDB17A2C7ECB6C0011A6F3 /* OOTD */,
				8BDDB1752C7EA9DF0011A6F3 /* ClosetViewControllers */,
				F67806BE2C7D932B007A608C /* MyViewController.swift */,
				8BDDB1762C7EAA620011A6F3 /* ItemDetailViewController */,
			);
			path = ViewControllers;
			sourceTree = "<group>";
		};
/* End PBXGroup section */

/* Begin PBXNativeTarget section */
		F67806A22C7D92EB007A608C /* OOTD_Team3 */ = {
			isa = PBXNativeTarget;
			buildConfigurationList = F67806B72C7D92ED007A608C /* Build configuration list for PBXNativeTarget "OOTD_Team3" */;
			buildPhases = (
				F678069F2C7D92EB007A608C /* Sources */,
				F67806A02C7D92EB007A608C /* Frameworks */,
				F67806A12C7D92EB007A608C /* Resources */,
			);
			buildRules = (
			);
			dependencies = (
			);
			name = OOTD_Team3;
			packageProductDependencies = (
				8BDDB1782C7EABDA0011A6F3 /* Lottie */,
			);
			productName = OOTD_Team3;
			productReference = F67806A32C7D92EB007A608C /* OOTD_Team3.app */;
			productType = "com.apple.product-type.application";
		};
/* End PBXNativeTarget section */

/* Begin PBXProject section */
		F678069B2C7D92EB007A608C /* Project object */ = {
			isa = PBXProject;
			attributes = {
				BuildIndependentTargetsInParallel = 1;
				LastSwiftUpdateCheck = 1540;
				LastUpgradeCheck = 1540;
				TargetAttributes = {
					F67806A22C7D92EB007A608C = {
						CreatedOnToolsVersion = 15.4;
					};
				};
			};
			buildConfigurationList = F678069E2C7D92EB007A608C /* Build configuration list for PBXProject "OOTD_Team3" */;
			compatibilityVersion = "Xcode 14.0";
			developmentRegion = en;
			hasScannedForEncodings = 0;
			knownRegions = (
				en,
				Base,
			);
			mainGroup = F678069A2C7D92EB007A608C;
			packageReferences = (
				8BDDB1772C7EABDA0011A6F3 /* XCRemoteSwiftPackageReference "lottie-ios" */,
			);
			productRefGroup = F67806A42C7D92EB007A608C /* Products */;
			projectDirPath = "";
			projectRoot = "";
			targets = (
				F67806A22C7D92EB007A608C /* OOTD_Team3 */,
			);
		};
/* End PBXProject section */

/* Begin PBXResourcesBuildPhase section */
		F67806A12C7D92EB007A608C /* Resources */ = {
			isa = PBXResourcesBuildPhase;
			buildActionMask = 2147483647;
			files = (
				F67806B02C7D92ED007A608C /* Assets.xcassets in Resources */,
				F67806B32C7D92ED007A608C /* Base in Resources */,
				8BDDB1712C7EA8440011A6F3 /* cat.json in Resources */,
			);
			runOnlyForDeploymentPostprocessing = 0;
		};
/* End PBXResourcesBuildPhase section */

/* Begin PBXSourcesBuildPhase section */
		F678069F2C7D92EB007A608C /* Sources */ = {
			isa = PBXSourcesBuildPhase;
			buildActionMask = 2147483647;
			files = (
				8BDDB1652C7EA7910011A6F3 /* LoginViewController.swift in Sources */,
				8BDDB1572C7E13740011A6F3 /* LipsOOTDChatBotViewController.swift in Sources */,
				8BDDB1672C7EA7AB0011A6F3 /* LogoViewController.swift in Sources */,
				F67806BD2C7D9324007A608C /* HomeViewController.swift in Sources */,
				8BDDB15C2C7EA6850011A6F3 /* OOTDItem.swift in Sources */,
				F67806BF2C7D932B007A608C /* MyViewController.swift in Sources */,
				F67806AB2C7D92EB007A608C /* ViewController.swift in Sources */,
				8BDDB1692C7EA7CB0011A6F3 /* TestResultViewController.swift in Sources */,
				8BDDB1612C7EA71B0011A6F3 /* AppDescriptionViewController.swift in Sources */,
				F67806A72C7D92EB007A608C /* AppDelegate.swift in Sources */,
				8BDDB1632C7EA77B0011A6F3 /* ItemDetailesViewController.swift in Sources */,
				8BDDB1592C7E15DD0011A6F3 /* JSLookBookViewController.swift in Sources */,
				F67806A92C7D92EB007A608C /* SceneDelegate.swift in Sources */,
				8BDDB16F2C7EA80E0011A6F3 /* UserDetailsViewController.swift in Sources */,
				F67806C12C7D9334007A608C /* ClosetViewController.swift in Sources */,
				8BDDB15E2C7EA6B00011A6F3 /* OOTDItemStore.swift in Sources */,
				F67806BB2C7D9318007A608C /* OOTDViewController.swift in Sources */,
				8BDDB16D2C7EA7F40011A6F3 /* TestViewController.swift in Sources */,
				8BDDB16B2C7EA7E00011A6F3 /* TestStartViewController.swift in Sources */,
			);
			runOnlyForDeploymentPostprocessing = 0;
		};
/* End PBXSourcesBuildPhase section */

/* Begin PBXVariantGroup section */
		F67806B12C7D92ED007A608C /* LaunchScreen.storyboard */ = {
			isa = PBXVariantGroup;
			children = (
				F67806B22C7D92ED007A608C /* Base */,
			);
			name = LaunchScreen.storyboard;
			sourceTree = "<group>";
		};
/* End PBXVariantGroup section */

/* Begin XCBuildConfiguration section */
		F67806B52C7D92ED007A608C /* Debug */ = {
			isa = XCBuildConfiguration;
			buildSettings = {
				ALWAYS_SEARCH_USER_PATHS = NO;
				ASSETCATALOG_COMPILER_GENERATE_SWIFT_ASSET_SYMBOL_EXTENSIONS = YES;
				CLANG_ANALYZER_NONNULL = YES;
				CLANG_ANALYZER_NUMBER_OBJECT_CONVERSION = YES_AGGRESSIVE;
				CLANG_CXX_LANGUAGE_STANDARD = "gnu++20";
				CLANG_ENABLE_MODULES = YES;
				CLANG_ENABLE_OBJC_ARC = YES;
				CLANG_ENABLE_OBJC_WEAK = YES;
				CLANG_WARN_BLOCK_CAPTURE_AUTORELEASING = YES;
				CLANG_WARN_BOOL_CONVERSION = YES;
				CLANG_WARN_COMMA = YES;
				CLANG_WARN_CONSTANT_CONVERSION = YES;
				CLANG_WARN_DEPRECATED_OBJC_IMPLEMENTATIONS = YES;
				CLANG_WARN_DIRECT_OBJC_ISA_USAGE = YES_ERROR;
				CLANG_WARN_DOCUMENTATION_COMMENTS = YES;
				CLANG_WARN_EMPTY_BODY = YES;
				CLANG_WARN_ENUM_CONVERSION = YES;
				CLANG_WARN_INFINITE_RECURSION = YES;
				CLANG_WARN_INT_CONVERSION = YES;
				CLANG_WARN_NON_LITERAL_NULL_CONVERSION = YES;
				CLANG_WARN_OBJC_IMPLICIT_RETAIN_SELF = YES;
				CLANG_WARN_OBJC_LITERAL_CONVERSION = YES;
				CLANG_WARN_OBJC_ROOT_CLASS = YES_ERROR;
				CLANG_WARN_QUOTED_INCLUDE_IN_FRAMEWORK_HEADER = YES;
				CLANG_WARN_RANGE_LOOP_ANALYSIS = YES;
				CLANG_WARN_STRICT_PROTOTYPES = YES;
				CLANG_WARN_SUSPICIOUS_MOVE = YES;
				CLANG_WARN_UNGUARDED_AVAILABILITY = YES_AGGRESSIVE;
				CLANG_WARN_UNREACHABLE_CODE = YES;
				CLANG_WARN__DUPLICATE_METHOD_MATCH = YES;
				COPY_PHASE_STRIP = NO;
				DEBUG_INFORMATION_FORMAT = dwarf;
				ENABLE_STRICT_OBJC_MSGSEND = YES;
				ENABLE_TESTABILITY = YES;
				ENABLE_USER_SCRIPT_SANDBOXING = YES;
				GCC_C_LANGUAGE_STANDARD = gnu17;
				GCC_DYNAMIC_NO_PIC = NO;
				GCC_NO_COMMON_BLOCKS = YES;
				GCC_OPTIMIZATION_LEVEL = 0;
				GCC_PREPROCESSOR_DEFINITIONS = (
					"DEBUG=1",
					"$(inherited)",
				);
				GCC_WARN_64_TO_32_BIT_CONVERSION = YES;
				GCC_WARN_ABOUT_RETURN_TYPE = YES_ERROR;
				GCC_WARN_UNDECLARED_SELECTOR = YES;
				GCC_WARN_UNINITIALIZED_AUTOS = YES_AGGRESSIVE;
				GCC_WARN_UNUSED_FUNCTION = YES;
				GCC_WARN_UNUSED_VARIABLE = YES;
				IPHONEOS_DEPLOYMENT_TARGET = 17.5;
				LOCALIZATION_PREFERS_STRING_CATALOGS = YES;
				MTL_ENABLE_DEBUG_INFO = INCLUDE_SOURCE;
				MTL_FAST_MATH = YES;
				ONLY_ACTIVE_ARCH = YES;
				SDKROOT = iphoneos;
				SWIFT_ACTIVE_COMPILATION_CONDITIONS = "DEBUG $(inherited)";
				SWIFT_OPTIMIZATION_LEVEL = "-Onone";
			};
			name = Debug;
		};
		F67806B62C7D92ED007A608C /* Release */ = {
			isa = XCBuildConfiguration;
			buildSettings = {
				ALWAYS_SEARCH_USER_PATHS = NO;
				ASSETCATALOG_COMPILER_GENERATE_SWIFT_ASSET_SYMBOL_EXTENSIONS = YES;
				CLANG_ANALYZER_NONNULL = YES;
				CLANG_ANALYZER_NUMBER_OBJECT_CONVERSION = YES_AGGRESSIVE;
				CLANG_CXX_LANGUAGE_STANDARD = "gnu++20";
				CLANG_ENABLE_MODULES = YES;
				CLANG_ENABLE_OBJC_ARC = YES;
				CLANG_ENABLE_OBJC_WEAK = YES;
				CLANG_WARN_BLOCK_CAPTURE_AUTORELEASING = YES;
				CLANG_WARN_BOOL_CONVERSION = YES;
				CLANG_WARN_COMMA = YES;
				CLANG_WARN_CONSTANT_CONVERSION = YES;
				CLANG_WARN_DEPRECATED_OBJC_IMPLEMENTATIONS = YES;
				CLANG_WARN_DIRECT_OBJC_ISA_USAGE = YES_ERROR;
				CLANG_WARN_DOCUMENTATION_COMMENTS = YES;
				CLANG_WARN_EMPTY_BODY = YES;
				CLANG_WARN_ENUM_CONVERSION = YES;
				CLANG_WARN_INFINITE_RECURSION = YES;
				CLANG_WARN_INT_CONVERSION = YES;
				CLANG_WARN_NON_LITERAL_NULL_CONVERSION = YES;
				CLANG_WARN_OBJC_IMPLICIT_RETAIN_SELF = YES;
				CLANG_WARN_OBJC_LITERAL_CONVERSION = YES;
				CLANG_WARN_OBJC_ROOT_CLASS = YES_ERROR;
				CLANG_WARN_QUOTED_INCLUDE_IN_FRAMEWORK_HEADER = YES;
				CLANG_WARN_RANGE_LOOP_ANALYSIS = YES;
				CLANG_WARN_STRICT_PROTOTYPES = YES;
				CLANG_WARN_SUSPICIOUS_MOVE = YES;
				CLANG_WARN_UNGUARDED_AVAILABILITY = YES_AGGRESSIVE;
				CLANG_WARN_UNREACHABLE_CODE = YES;
				CLANG_WARN__DUPLICATE_METHOD_MATCH = YES;
				COPY_PHASE_STRIP = NO;
				DEBUG_INFORMATION_FORMAT = "dwarf-with-dsym";
				ENABLE_NS_ASSERTIONS = NO;
				ENABLE_STRICT_OBJC_MSGSEND = YES;
				ENABLE_USER_SCRIPT_SANDBOXING = YES;
				GCC_C_LANGUAGE_STANDARD = gnu17;
				GCC_NO_COMMON_BLOCKS = YES;
				GCC_WARN_64_TO_32_BIT_CONVERSION = YES;
				GCC_WARN_ABOUT_RETURN_TYPE = YES_ERROR;
				GCC_WARN_UNDECLARED_SELECTOR = YES;
				GCC_WARN_UNINITIALIZED_AUTOS = YES_AGGRESSIVE;
				GCC_WARN_UNUSED_FUNCTION = YES;
				GCC_WARN_UNUSED_VARIABLE = YES;
				IPHONEOS_DEPLOYMENT_TARGET = 17.5;
				LOCALIZATION_PREFERS_STRING_CATALOGS = YES;
				MTL_ENABLE_DEBUG_INFO = NO;
				MTL_FAST_MATH = YES;
				SDKROOT = iphoneos;
				SWIFT_COMPILATION_MODE = wholemodule;
				VALIDATE_PRODUCT = YES;
			};
			name = Release;
		};
		F67806B82C7D92ED007A608C /* Debug */ = {
			isa = XCBuildConfiguration;
			buildSettings = {
				ASSETCATALOG_COMPILER_APPICON_NAME = AppIcon;
				ASSETCATALOG_COMPILER_GLOBAL_ACCENT_COLOR_NAME = AccentColor;
				ASSETCATALOG_COMPILER_INCLUDE_ALL_APPICON_ASSETS = YES;
				CODE_SIGN_STYLE = Automatic;
				CURRENT_PROJECT_VERSION = 1;
				GENERATE_INFOPLIST_FILE = YES;
				INFOPLIST_FILE = OOTD_Team3/Info.plist;
				INFOPLIST_KEY_UIApplicationSupportsIndirectInputEvents = YES;
				INFOPLIST_KEY_UILaunchStoryboardName = LaunchScreen;
				INFOPLIST_KEY_UISupportedInterfaceOrientations_iPad = "UIInterfaceOrientationPortrait UIInterfaceOrientationPortraitUpsideDown UIInterfaceOrientationLandscapeLeft UIInterfaceOrientationLandscapeRight";
				INFOPLIST_KEY_UISupportedInterfaceOrientations_iPhone = "UIInterfaceOrientationPortrait UIInterfaceOrientationLandscapeLeft UIInterfaceOrientationLandscapeRight";
				LD_RUNPATH_SEARCH_PATHS = (
					"$(inherited)",
					"@executable_path/Frameworks",
				);
				MARKETING_VERSION = 1.0;
				PRODUCT_BUNDLE_IDENTIFIER = "com.techit.OOTD-Team3";
				PRODUCT_NAME = "$(TARGET_NAME)";
				SUPPORTED_PLATFORMS = "iphoneos iphonesimulator";
				SUPPORTS_MACCATALYST = NO;
				SUPPORTS_MAC_DESIGNED_FOR_IPHONE_IPAD = NO;
				SUPPORTS_XR_DESIGNED_FOR_IPHONE_IPAD = NO;
				SWIFT_EMIT_LOC_STRINGS = YES;
				SWIFT_VERSION = 5.0;
				TARGETED_DEVICE_FAMILY = 1;
			};
			name = Debug;
		};
		F67806B92C7D92ED007A608C /* Release */ = {
			isa = XCBuildConfiguration;
			buildSettings = {
				ASSETCATALOG_COMPILER_APPICON_NAME = AppIcon;
				ASSETCATALOG_COMPILER_GLOBAL_ACCENT_COLOR_NAME = AccentColor;
				ASSETCATALOG_COMPILER_INCLUDE_ALL_APPICON_ASSETS = YES;
				CODE_SIGN_STYLE = Automatic;
				CURRENT_PROJECT_VERSION = 1;
				GENERATE_INFOPLIST_FILE = YES;
				INFOPLIST_FILE = OOTD_Team3/Info.plist;
				INFOPLIST_KEY_UIApplicationSupportsIndirectInputEvents = YES;
				INFOPLIST_KEY_UILaunchStoryboardName = LaunchScreen;
				INFOPLIST_KEY_UISupportedInterfaceOrientations_iPad = "UIInterfaceOrientationPortrait UIInterfaceOrientationPortraitUpsideDown UIInterfaceOrientationLandscapeLeft UIInterfaceOrientationLandscapeRight";
				INFOPLIST_KEY_UISupportedInterfaceOrientations_iPhone = "UIInterfaceOrientationPortrait UIInterfaceOrientationLandscapeLeft UIInterfaceOrientationLandscapeRight";
				LD_RUNPATH_SEARCH_PATHS = (
					"$(inherited)",
					"@executable_path/Frameworks",
				);
				MARKETING_VERSION = 1.0;
				PRODUCT_BUNDLE_IDENTIFIER = "com.techit.OOTD-Team3";
				PRODUCT_NAME = "$(TARGET_NAME)";
				SUPPORTED_PLATFORMS = "iphoneos iphonesimulator";
				SUPPORTS_MACCATALYST = NO;
				SUPPORTS_MAC_DESIGNED_FOR_IPHONE_IPAD = NO;
				SUPPORTS_XR_DESIGNED_FOR_IPHONE_IPAD = NO;
				SWIFT_EMIT_LOC_STRINGS = YES;
				SWIFT_VERSION = 5.0;
				TARGETED_DEVICE_FAMILY = 1;
			};
			name = Release;
		};
/* End XCBuildConfiguration section */

/* Begin XCConfigurationList section */
		F678069E2C7D92EB007A608C /* Build configuration list for PBXProject "OOTD_Team3" */ = {
			isa = XCConfigurationList;
			buildConfigurations = (
				F67806B52C7D92ED007A608C /* Debug */,
				F67806B62C7D92ED007A608C /* Release */,
			);
			defaultConfigurationIsVisible = 0;
			defaultConfigurationName = Release;
		};
		F67806B72C7D92ED007A608C /* Build configuration list for PBXNativeTarget "OOTD_Team3" */ = {
			isa = XCConfigurationList;
			buildConfigurations = (
				F67806B82C7D92ED007A608C /* Debug */,
				F67806B92C7D92ED007A608C /* Release */,
			);
			defaultConfigurationIsVisible = 0;
			defaultConfigurationName = Release;
		};
/* End XCConfigurationList section */

/* Begin XCRemoteSwiftPackageReference section */
		8BDDB1772C7EABDA0011A6F3 /* XCRemoteSwiftPackageReference "lottie-ios" */ = {
			isa = XCRemoteSwiftPackageReference;
			repositoryURL = "https://github.com/airbnb/lottie-ios.git";
			requirement = {
				kind = upToNextMajorVersion;
				minimumVersion = 4.5.0;
			};
		};
/* End XCRemoteSwiftPackageReference section */

/* Begin XCSwiftPackageProductDependency section */
		8BDDB1782C7EABDA0011A6F3 /* Lottie */ = {
			isa = XCSwiftPackageProductDependency;
			package = 8BDDB1772C7EABDA0011A6F3 /* XCRemoteSwiftPackageReference "lottie-ios" */;
			productName = Lottie;
		};
/* End XCSwiftPackageProductDependency section */
	};
	rootObject = F678069B2C7D92EB007A608C /* Project object */;
}
